
Microsoft Visual Studio Solution File, Format Version 12.00
# Visual Studio Version 17
VisualStudioVersion = 17.5.002.0
MinimumVisualStudioVersion = 10.0.40219.1
Project("{9A19103F-16F7-4668-BE54-9A1E7A4F7556}") = "demo", "demo.csproj", "{7C3CB38B-4A73-4B80-9E62-21AE4393D9B2}"
EndProject
Global
	GlobalSection(SolutionConfigurationPlatforms) = preSolution
		Debug|Any CPU = Debug|Any CPU
		Release|Any CPU = Release|Any CPU
	EndGlobalSection
	GlobalSection(ProjectConfigurationPlatforms) = postSolution
		{7C3CB38B-4A73-4B80-9E62-21AE4393D9B2}.Debug|Any CPU.ActiveCfg = Debug|Any CPU
		{7C3CB38B-4A73-4B80-9E62-21AE4393D9B2}.Debug|Any CPU.Build.0 = Debug|Any CPU
		{7C3CB38B-4A73-4B80-9E62-21AE4393D9B2}.Release|Any CPU.ActiveCfg = Release|Any CPU
		{7C3CB38B-4A73-4B80-9E62-21AE4393D9B2}.Release|Any CPU.Build.0 = Release|Any CPU
	EndGlobalSection
	GlobalSection(SolutionProperties) = preSolution
		HideSolutionNode = FALSE
	EndGlobalSection
	GlobalSection(ExtensibilityGlobals) = postSolution
		SolutionGuid = {8EA8FF2B-C2FE-47D3-8C15-E2CB2113BABD}
	EndGlobalSection
EndGlobal
